
Microsoft Visual Studio Solution File, Format Version 12.00
# Visual Studio Version 17
VisualStudioVersion = 17.9.34728.123
MinimumVisualStudioVersion = 10.0.40219.1
Project("{FAE04EC0-301F-11D3-BF4B-00C04F79EFBC}") = "BuildPatternLab", "BuildPatternLab\BuildPatternLab.csproj", "{544B30C2-3D78-47A9-9FB2-4366F44E49C2}"
EndProject
Global
	GlobalSection(SolutionConfigurationPlatforms) = preSolution
		Debug|Any CPU = Debug|Any CPU
		Release|Any CPU = Release|Any CPU
	EndGlobalSection
	GlobalSection(ProjectConfigurationPlatforms) = postSolution
		{544B30C2-3D78-47A9-9FB2-4366F44E49C2}.Debug|Any CPU.ActiveCfg = Debug|Any CPU
		{544B30C2-3D78-47A9-9FB2-4366F44E49C2}.Debug|Any CPU.Build.0 = Debug|Any CPU
		{544B30C2-3D78-47A9-9FB2-4366F44E49C2}.Release|Any CPU.ActiveCfg = Release|Any CPU
		{544B30C2-3D78-47A9-9FB2-4366F44E49C2}.Release|Any CPU.Build.0 = Release|Any CPU
	EndGlobalSection
	GlobalSection(SolutionProperties) = preSolution
		HideSolutionNode = FALSE
	EndGlobalSection
	GlobalSection(ExtensibilityGlobals) = postSolution
		SolutionGuid = {9B02CFF5-2515-4BF6-A3E3-4C9883F6A1C1}
	EndGlobalSection
EndGlobal
